
Microsoft Visual Studio Solution File, Format Version 12.00
# Visual Studio Version 16
VisualStudioVersion = 16.0.810.17
MinimumVisualStudioVersion = 10.0.40219.1
Project("{FAE04EC0-301F-11D3-BF4B-00C04F79EFBC}") = "Dfrates_p1", "Dfrates_p1\Dfrates_p1.csproj", "{3E5A78E6-BBC3-472B-A5D8-2098DD15FE56}"
EndProject
Global
	GlobalSection(SolutionConfigurationPlatforms) = preSolution
		Debug|Any CPU = Debug|Any CPU
		Release|Any CPU = Release|Any CPU
	EndGlobalSection
	GlobalSection(ProjectConfigurationPlatforms) = postSolution
		{3E5A78E6-BBC3-472B-A5D8-2098DD15FE56}.Debug|Any CPU.ActiveCfg = Debug|Any CPU
		{3E5A78E6-BBC3-472B-A5D8-2098DD15FE56}.Debug|Any CPU.Build.0 = Debug|Any CPU
		{3E5A78E6-BBC3-472B-A5D8-2098DD15FE56}.Release|Any CPU.ActiveCfg = Release|Any CPU
		{3E5A78E6-BBC3-472B-A5D8-2098DD15FE56}.Release|Any CPU.Build.0 = Release|Any CPU
	EndGlobalSection
	GlobalSection(SolutionProperties) = preSolution
		HideSolutionNode = FALSE
	EndGlobalSection
	GlobalSection(ExtensibilityGlobals) = postSolution
		SolutionGuid = {D2DEE424-3964-4686-963E-B06A4F18EEBC}
	EndGlobalSection
EndGlobal
